
Microsoft Visual Studio Solution File, Format Version 12.00
# Visual Studio Version 17
VisualStudioVersion = 17.3.32819.101
MinimumVisualStudioVersion = 10.0.40219.1
Project("{2150E333-8FDC-42A3-9474-1A3956D46DE8}") = "Clase_01", "Clase_01", "{117B0201-3A83-4416-A94F-184EE3CF4E23}"
EndProject
Project("{9A19103F-16F7-4668-BE54-9A1E7A4F7556}") = "clase01-ej02", "clase01-ej02\clase01-ej02.csproj", "{E9BE5DD9-B812-40C3-BF89-552C92852AE2}"
EndProject
Project("{9A19103F-16F7-4668-BE54-9A1E7A4F7556}") = "clase01-ej03", "clase01-ej03\clase01-ej03.csproj", "{1461384C-F344-4D8D-B2A6-B3D66906E8B5}"
EndProject
Project("{2150E333-8FDC-42A3-9474-1A3956D46DE8}") = "Clase_02", "Clase_02", "{F4DC7848-5A0F-4D95-8AAD-FDA328F8F1EA}"
EndProject
Project("{9A19103F-16F7-4668-BE54-9A1E7A4F7556}") = "GenerarClaseEstatica", "GenerarClaseEstatica\GenerarClaseEstatica.csproj", "{14A32102-95A9-4780-82B3-E224C01F2975}"
EndProject
Project("{9A19103F-16F7-4668-BE54-9A1E7A4F7556}") = "Clase_02-Ej01", "Clase_02-Ej01\Clase_02-Ej01.csproj", "{D98C177B-7EA1-4E7C-835C-3E0A085B5AD7}"
EndProject
Project("{2150E333-8FDC-42A3-9474-1A3956D46DE8}") = "Apuntes", "Apuntes", "{BABBBA8A-7C1F-4F89-8420-DC02A8C1E0CE}"
	ProjectSection(SolutionItems) = preProject
		DependenciaY.txt = DependenciaY.txt
		Shortcuts.txt = Shortcuts.txt
		TextFile1.txt = TextFile1.txt
	EndProjectSection
EndProject
Project("{9A19103F-16F7-4668-BE54-9A1E7A4F7556}") = "clase02-ej02bis", "clase02-ej02bis\clase02-ej02bis.csproj", "{CC946280-9E09-4D39-8748-9DF1B2AF9FDE}"
EndProject
Project("{2150E333-8FDC-42A3-9474-1A3956D46DE8}") = "Clase_04", "Clase_04", "{7EBAA60A-12F4-440D-96FA-0E0FA8B9228F}"
EndProject
Project("{9A19103F-16F7-4668-BE54-9A1E7A4F7556}") = "Clase_04EJ1", "Clase_04EJ1\Clase_04EJ1.csproj", "{B845B64D-B18E-4B0B-BAC2-A6E2D5CA657D}"
EndProject
Project("{9A19103F-16F7-4668-BE54-9A1E7A4F7556}") = "clase01-ej01", "clase01-ej01\clase01-ej01.csproj", "{C4AE3099-4019-41F3-AFB1-90C2AE944CD6}"
EndProject
Project("{9A19103F-16F7-4668-BE54-9A1E7A4F7556}") = "clase01-ej04", "clase01-ej04\clase01-ej04.csproj", "{164D7D07-8F1C-42DD-9A4B-31468583222B}"
EndProject
Project("{9A19103F-16F7-4668-BE54-9A1E7A4F7556}") = "clase02_ej02", "clase02_ej02\clase02_ej02.csproj", "{FE5B5C12-AA11-4E38-B54F-AFE7AF2F83F4}"
EndProject
Project("{9A19103F-16F7-4668-BE54-9A1E7A4F7556}") = "clase02_ej03", "clase02_ej03\clase02_ej03.csproj", "{9FCFEB0C-07F1-44C7-8ACC-3B2BEEB8B6F1}"
EndProject
Project("{2150E333-8FDC-42A3-9474-1A3956D46DE8}") = "Clase_03", "Clase_03", "{E710EAB1-243B-494F-8630-E750460E404C}"
EndProject
Project("{9A19103F-16F7-4668-BE54-9A1E7A4F7556}") = "clase03-ej01", "clase03-ej01\clase03-ej01.csproj", "{6F419E5B-2109-458B-9E5D-8098FFDFDA0D}"
EndProject
Project("{9A19103F-16F7-4668-BE54-9A1E7A4F7556}") = "clase03-ej02", "clase03-ej02\clase03-ej02.csproj", "{7D505674-333F-4F35-858F-BBC2752EFC2B}"
EndProject
Project("{9A19103F-16F7-4668-BE54-9A1E7A4F7556}") = "Billetes", "Billetes\Billetes.csproj", "{99B6445D-9736-45D9-8820-56C798D09946}"
EndProject
Project("{9A19103F-16F7-4668-BE54-9A1E7A4F7556}") = "clase_04-ej02", "clase_04-ej02\clase_04-ej02.csproj", "{BBE520DA-1DF3-4AF2-B590-5EFEDF430806}"
EndProject
Project("{2150E333-8FDC-42A3-9474-1A3956D46DE8}") = "Clase_05", "Clase_05", "{C71AAA4B-F2CC-4380-BCE1-C1C654D26300}"
	ProjectSection(SolutionItems) = preProject
		NotasWindowsForm.txt = NotasWindowsForm.txt
	EndProjectSection
EndProject
Project("{9A19103F-16F7-4668-BE54-9A1E7A4F7556}") = "clase05_pruebas", "clase05_ej01\clase05_pruebas.csproj", "{FF512E43-0F76-48A9-B1ED-644F5A2ECC6C}"
EndProject
Project("{9A19103F-16F7-4668-BE54-9A1E7A4F7556}") = "Clase05-Ej01", "Clase05-Ej01\Clase05-Ej01.csproj", "{7804667D-E3DB-4D18-8AB0-D3A7BEE5DBFA}"
EndProject
Project("{FAE04EC0-301F-11D3-BF4B-00C04F79EFBC}") = "Clase05-Ej02", "Clase05-Ej02\Clase05-Ej02.csproj", "{C4E53802-D9F0-46A7-965F-4B6DBD2771F1}"
EndProject
Project("{FAE04EC0-301F-11D3-BF4B-00C04F79EFBC}") = "Clase05-formClases", "Clase05-formClases\Clase05-formClases.csproj", "{C6CE73A3-CC36-4009-B423-C09C92609044}"
EndProject
Global
	GlobalSection(SolutionConfigurationPlatforms) = preSolution
		Debug|Any CPU = Debug|Any CPU
		Release|Any CPU = Release|Any CPU
	EndGlobalSection
	GlobalSection(ProjectConfigurationPlatforms) = postSolution
		{E9BE5DD9-B812-40C3-BF89-552C92852AE2}.Debug|Any CPU.ActiveCfg = Debug|Any CPU
		{E9BE5DD9-B812-40C3-BF89-552C92852AE2}.Debug|Any CPU.Build.0 = Debug|Any CPU
		{E9BE5DD9-B812-40C3-BF89-552C92852AE2}.Release|Any CPU.ActiveCfg = Release|Any CPU
		{E9BE5DD9-B812-40C3-BF89-552C92852AE2}.Release|Any CPU.Build.0 = Release|Any CPU
		{1461384C-F344-4D8D-B2A6-B3D66906E8B5}.Debug|Any CPU.ActiveCfg = Debug|Any CPU
		{1461384C-F344-4D8D-B2A6-B3D66906E8B5}.Debug|Any CPU.Build.0 = Debug|Any CPU
		{1461384C-F344-4D8D-B2A6-B3D66906E8B5}.Release|Any CPU.ActiveCfg = Release|Any CPU
		{1461384C-F344-4D8D-B2A6-B3D66906E8B5}.Release|Any CPU.Build.0 = Release|Any CPU
		{14A32102-95A9-4780-82B3-E224C01F2975}.Debug|Any CPU.ActiveCfg = Debug|Any CPU
		{14A32102-95A9-4780-82B3-E224C01F2975}.Debug|Any CPU.Build.0 = Debug|Any CPU
		{14A32102-95A9-4780-82B3-E224C01F2975}.Release|Any CPU.ActiveCfg = Release|Any CPU
		{14A32102-95A9-4780-82B3-E224C01F2975}.Release|Any CPU.Build.0 = Release|Any CPU
		{D98C177B-7EA1-4E7C-835C-3E0A085B5AD7}.Debug|Any CPU.ActiveCfg = Debug|Any CPU
		{D98C177B-7EA1-4E7C-835C-3E0A085B5AD7}.Debug|Any CPU.Build.0 = Debug|Any CPU
		{D98C177B-7EA1-4E7C-835C-3E0A085B5AD7}.Release|Any CPU.ActiveCfg = Release|Any CPU
		{D98C177B-7EA1-4E7C-835C-3E0A085B5AD7}.Release|Any CPU.Build.0 = Release|Any CPU
		{CC946280-9E09-4D39-8748-9DF1B2AF9FDE}.Debug|Any CPU.ActiveCfg = Debug|Any CPU
		{CC946280-9E09-4D39-8748-9DF1B2AF9FDE}.Debug|Any CPU.Build.0 = Debug|Any CPU
		{CC946280-9E09-4D39-8748-9DF1B2AF9FDE}.Release|Any CPU.ActiveCfg = Release|Any CPU
		{CC946280-9E09-4D39-8748-9DF1B2AF9FDE}.Release|Any CPU.Build.0 = Release|Any CPU
		{B845B64D-B18E-4B0B-BAC2-A6E2D5CA657D}.Debug|Any CPU.ActiveCfg = Debug|Any CPU
		{B845B64D-B18E-4B0B-BAC2-A6E2D5CA657D}.Debug|Any CPU.Build.0 = Debug|Any CPU
		{B845B64D-B18E-4B0B-BAC2-A6E2D5CA657D}.Release|Any CPU.ActiveCfg = Release|Any CPU
		{B845B64D-B18E-4B0B-BAC2-A6E2D5CA657D}.Release|Any CPU.Build.0 = Release|Any CPU
		{C4AE3099-4019-41F3-AFB1-90C2AE944CD6}.Debug|Any CPU.ActiveCfg = Debug|Any CPU
		{C4AE3099-4019-41F3-AFB1-90C2AE944CD6}.Debug|Any CPU.Build.0 = Debug|Any CPU
		{C4AE3099-4019-41F3-AFB1-90C2AE944CD6}.Release|Any CPU.ActiveCfg = Release|Any CPU
		{C4AE3099-4019-41F3-AFB1-90C2AE944CD6}.Release|Any CPU.Build.0 = Release|Any CPU
		{164D7D07-8F1C-42DD-9A4B-31468583222B}.Debug|Any CPU.ActiveCfg = Debug|Any CPU
		{164D7D07-8F1C-42DD-9A4B-31468583222B}.Debug|Any CPU.Build.0 = Debug|Any CPU
		{164D7D07-8F1C-42DD-9A4B-31468583222B}.Release|Any CPU.ActiveCfg = Release|Any CPU
		{164D7D07-8F1C-42DD-9A4B-31468583222B}.Release|Any CPU.Build.0 = Release|Any CPU
		{FE5B5C12-AA11-4E38-B54F-AFE7AF2F83F4}.Debug|Any CPU.ActiveCfg = Debug|Any CPU
		{FE5B5C12-AA11-4E38-B54F-AFE7AF2F83F4}.Debug|Any CPU.Build.0 = Debug|Any CPU
		{FE5B5C12-AA11-4E38-B54F-AFE7AF2F83F4}.Release|Any CPU.ActiveCfg = Release|Any CPU
		{FE5B5C12-AA11-4E38-B54F-AFE7AF2F83F4}.Release|Any CPU.Build.0 = Release|Any CPU
		{9FCFEB0C-07F1-44C7-8ACC-3B2BEEB8B6F1}.Debug|Any CPU.ActiveCfg = Debug|Any CPU
		{9FCFEB0C-07F1-44C7-8ACC-3B2BEEB8B6F1}.Debug|Any CPU.Build.0 = Debug|Any CPU
		{9FCFEB0C-07F1-44C7-8ACC-3B2BEEB8B6F1}.Release|Any CPU.ActiveCfg = Release|Any CPU
		{9FCFEB0C-07F1-44C7-8ACC-3B2BEEB8B6F1}.Release|Any CPU.Build.0 = Release|Any CPU
		{6F419E5B-2109-458B-9E5D-8098FFDFDA0D}.Debug|Any CPU.ActiveCfg = Debug|Any CPU
		{6F419E5B-2109-458B-9E5D-8098FFDFDA0D}.Debug|Any CPU.Build.0 = Debug|Any CPU
		{6F419E5B-2109-458B-9E5D-8098FFDFDA0D}.Release|Any CPU.ActiveCfg = Release|Any CPU
		{6F419E5B-2109-458B-9E5D-8098FFDFDA0D}.Release|Any CPU.Build.0 = Release|Any CPU
		{7D505674-333F-4F35-858F-BBC2752EFC2B}.Debug|Any CPU.ActiveCfg = Debug|Any CPU
		{7D505674-333F-4F35-858F-BBC2752EFC2B}.Debug|Any CPU.Build.0 = Debug|Any CPU
		{7D505674-333F-4F35-858F-BBC2752EFC2B}.Release|Any CPU.ActiveCfg = Release|Any CPU
		{7D505674-333F-4F35-858F-BBC2752EFC2B}.Release|Any CPU.Build.0 = Release|Any CPU
		{99B6445D-9736-45D9-8820-56C798D09946}.Debug|Any CPU.ActiveCfg = Debug|Any CPU
		{99B6445D-9736-45D9-8820-56C798D09946}.Debug|Any CPU.Build.0 = Debug|Any CPU
		{99B6445D-9736-45D9-8820-56C798D09946}.Release|Any CPU.ActiveCfg = Release|Any CPU
		{99B6445D-9736-45D9-8820-56C798D09946}.Release|Any CPU.Build.0 = Release|Any CPU
		{BBE520DA-1DF3-4AF2-B590-5EFEDF430806}.Debug|Any CPU.ActiveCfg = Debug|Any CPU
		{BBE520DA-1DF3-4AF2-B590-5EFEDF430806}.Debug|Any CPU.Build.0 = Debug|Any CPU
		{BBE520DA-1DF3-4AF2-B590-5EFEDF430806}.Release|Any CPU.ActiveCfg = Release|Any CPU
		{BBE520DA-1DF3-4AF2-B590-5EFEDF430806}.Release|Any CPU.Build.0 = Release|Any CPU
		{FF512E43-0F76-48A9-B1ED-644F5A2ECC6C}.Debug|Any CPU.ActiveCfg = Debug|Any CPU
		{FF512E43-0F76-48A9-B1ED-644F5A2ECC6C}.Debug|Any CPU.Build.0 = Debug|Any CPU
		{FF512E43-0F76-48A9-B1ED-644F5A2ECC6C}.Release|Any CPU.ActiveCfg = Release|Any CPU
		{FF512E43-0F76-48A9-B1ED-644F5A2ECC6C}.Release|Any CPU.Build.0 = Release|Any CPU
		{7804667D-E3DB-4D18-8AB0-D3A7BEE5DBFA}.Debug|Any CPU.ActiveCfg = Debug|Any CPU
		{7804667D-E3DB-4D18-8AB0-D3A7BEE5DBFA}.Debug|Any CPU.Build.0 = Debug|Any CPU
		{7804667D-E3DB-4D18-8AB0-D3A7BEE5DBFA}.Release|Any CPU.ActiveCfg = Release|Any CPU
		{7804667D-E3DB-4D18-8AB0-D3A7BEE5DBFA}.Release|Any CPU.Build.0 = Release|Any CPU
		{C4E53802-D9F0-46A7-965F-4B6DBD2771F1}.Debug|Any CPU.ActiveCfg = Debug|Any CPU
		{C4E53802-D9F0-46A7-965F-4B6DBD2771F1}.Debug|Any CPU.Build.0 = Debug|Any CPU
		{C4E53802-D9F0-46A7-965F-4B6DBD2771F1}.Release|Any CPU.ActiveCfg = Release|Any CPU
		{C4E53802-D9F0-46A7-965F-4B6DBD2771F1}.Release|Any CPU.Build.0 = Release|Any CPU
		{C6CE73A3-CC36-4009-B423-C09C92609044}.Debug|Any CPU.ActiveCfg = Debug|Any CPU
		{C6CE73A3-CC36-4009-B423-C09C92609044}.Debug|Any CPU.Build.0 = Debug|Any CPU
		{C6CE73A3-CC36-4009-B423-C09C92609044}.Release|Any CPU.ActiveCfg = Release|Any CPU
		{C6CE73A3-CC36-4009-B423-C09C92609044}.Release|Any CPU.Build.0 = Release|Any CPU
	EndGlobalSection
	GlobalSection(SolutionProperties) = preSolution
		HideSolutionNode = FALSE
	EndGlobalSection
	GlobalSection(NestedProjects) = preSolution
		{E9BE5DD9-B812-40C3-BF89-552C92852AE2} = {117B0201-3A83-4416-A94F-184EE3CF4E23}
		{1461384C-F344-4D8D-B2A6-B3D66906E8B5} = {117B0201-3A83-4416-A94F-184EE3CF4E23}
		{14A32102-95A9-4780-82B3-E224C01F2975} = {F4DC7848-5A0F-4D95-8AAD-FDA328F8F1EA}
		{D98C177B-7EA1-4E7C-835C-3E0A085B5AD7} = {F4DC7848-5A0F-4D95-8AAD-FDA328F8F1EA}
		{CC946280-9E09-4D39-8748-9DF1B2AF9FDE} = {F4DC7848-5A0F-4D95-8AAD-FDA328F8F1EA}
		{B845B64D-B18E-4B0B-BAC2-A6E2D5CA657D} = {7EBAA60A-12F4-440D-96FA-0E0FA8B9228F}
		{C4AE3099-4019-41F3-AFB1-90C2AE944CD6} = {117B0201-3A83-4416-A94F-184EE3CF4E23}
		{164D7D07-8F1C-42DD-9A4B-31468583222B} = {117B0201-3A83-4416-A94F-184EE3CF4E23}
		{FE5B5C12-AA11-4E38-B54F-AFE7AF2F83F4} = {F4DC7848-5A0F-4D95-8AAD-FDA328F8F1EA}
		{9FCFEB0C-07F1-44C7-8ACC-3B2BEEB8B6F1} = {F4DC7848-5A0F-4D95-8AAD-FDA328F8F1EA}
		{6F419E5B-2109-458B-9E5D-8098FFDFDA0D} = {E710EAB1-243B-494F-8630-E750460E404C}
		{7D505674-333F-4F35-858F-BBC2752EFC2B} = {E710EAB1-243B-494F-8630-E750460E404C}
		{99B6445D-9736-45D9-8820-56C798D09946} = {7EBAA60A-12F4-440D-96FA-0E0FA8B9228F}
		{BBE520DA-1DF3-4AF2-B590-5EFEDF430806} = {7EBAA60A-12F4-440D-96FA-0E0FA8B9228F}
		{FF512E43-0F76-48A9-B1ED-644F5A2ECC6C} = {C71AAA4B-F2CC-4380-BCE1-C1C654D26300}
		{7804667D-E3DB-4D18-8AB0-D3A7BEE5DBFA} = {C71AAA4B-F2CC-4380-BCE1-C1C654D26300}
		{C4E53802-D9F0-46A7-965F-4B6DBD2771F1} = {C71AAA4B-F2CC-4380-BCE1-C1C654D26300}
		{C6CE73A3-CC36-4009-B423-C09C92609044} = {C71AAA4B-F2CC-4380-BCE1-C1C654D26300}
	EndGlobalSection
	GlobalSection(ExtensibilityGlobals) = postSolution
		SolutionGuid = {1F75547E-4D0D-4484-B925-6AF5563363F1}
	EndGlobalSection
EndGlobal
